
Microsoft Visual Studio Solution File, Format Version 12.00
# Visual Studio Version 16
VisualStudioVersion = 16.0.29001.49
MinimumVisualStudioVersion = 10.0.40219.1
Project("{FAE04EC0-301F-11D3-BF4B-00C04F79EFBC}") = "ShoppingCart.Front", "ShoppingCart.Front\ShoppingCart.Front.csproj", "{B36260CD-6D1A-49A7-99D2-3BA4E47289BF}"
EndProject
Project("{FAE04EC0-301F-11D3-BF4B-00C04F79EFBC}") = "ShoppingCart.Api", "ShoppingCart.Api\ShoppingCart.Api.csproj", "{7BC9C3B4-ABFC-416A-A04A-34C7CE4E2799}"
EndProject
Global
	GlobalSection(SolutionConfigurationPlatforms) = preSolution
		Debug|Any CPU = Debug|Any CPU
		Release|Any CPU = Release|Any CPU
	EndGlobalSection
	GlobalSection(ProjectConfigurationPlatforms) = postSolution
		{B36260CD-6D1A-49A7-99D2-3BA4E47289BF}.Debug|Any CPU.ActiveCfg = Debug|Any CPU
		{B36260CD-6D1A-49A7-99D2-3BA4E47289BF}.Debug|Any CPU.Build.0 = Debug|Any CPU
		{B36260CD-6D1A-49A7-99D2-3BA4E47289BF}.Release|Any CPU.ActiveCfg = Release|Any CPU
		{B36260CD-6D1A-49A7-99D2-3BA4E47289BF}.Release|Any CPU.Build.0 = Release|Any CPU
		{7BC9C3B4-ABFC-416A-A04A-34C7CE4E2799}.Debug|Any CPU.ActiveCfg = Debug|Any CPU
		{7BC9C3B4-ABFC-416A-A04A-34C7CE4E2799}.Debug|Any CPU.Build.0 = Debug|Any CPU
		{7BC9C3B4-ABFC-416A-A04A-34C7CE4E2799}.Release|Any CPU.ActiveCfg = Release|Any CPU
		{7BC9C3B4-ABFC-416A-A04A-34C7CE4E2799}.Release|Any CPU.Build.0 = Release|Any CPU
	EndGlobalSection
	GlobalSection(SolutionProperties) = preSolution
		HideSolutionNode = FALSE
	EndGlobalSection
	GlobalSection(ExtensibilityGlobals) = postSolution
		SolutionGuid = {096680ED-3389-4B8B-B085-AC765B117C29}
	EndGlobalSection
EndGlobal
